
Microsoft Visual Studio Solution File, Format Version 12.00
# Visual Studio Version 17
VisualStudioVersion = 17.2.32616.157
MinimumVisualStudioVersion = 10.0.40219.1
Project("{9A19103F-16F7-4668-BE54-9A1E7A4F7556}") = "CRM", "CRM\CRM.csproj", "{8D211777-8B34-4CEA-A218-82ADBBFC7A15}"
EndProject
Project("{FAE04EC0-301F-11D3-BF4B-00C04F79EFBC}") = "CRM.Application", "CRM.Application\CRM.Application.csproj", "{054342A5-78CE-49A9-94C5-CDB62D213D31}"
EndProject
Project("{FAE04EC0-301F-11D3-BF4B-00C04F79EFBC}") = "CRM.Core", "CRM.Core\CRM.Core.csproj", "{5BB45FD3-4566-4437-ADC0-D5FA44335322}"
EndProject
Global
	GlobalSection(SolutionConfigurationPlatforms) = preSolution
		Debug|Any CPU = Debug|Any CPU
		Release|Any CPU = Release|Any CPU
	EndGlobalSection
	GlobalSection(ProjectConfigurationPlatforms) = postSolution
		{8D211777-8B34-4CEA-A218-82ADBBFC7A15}.Debug|Any CPU.ActiveCfg = Debug|Any CPU
		{8D211777-8B34-4CEA-A218-82ADBBFC7A15}.Debug|Any CPU.Build.0 = Debug|Any CPU
		{8D211777-8B34-4CEA-A218-82ADBBFC7A15}.Release|Any CPU.ActiveCfg = Release|Any CPU
		{8D211777-8B34-4CEA-A218-82ADBBFC7A15}.Release|Any CPU.Build.0 = Release|Any CPU
		{054342A5-78CE-49A9-94C5-CDB62D213D31}.Debug|Any CPU.ActiveCfg = Debug|Any CPU
		{054342A5-78CE-49A9-94C5-CDB62D213D31}.Debug|Any CPU.Build.0 = Debug|Any CPU
		{054342A5-78CE-49A9-94C5-CDB62D213D31}.Release|Any CPU.ActiveCfg = Release|Any CPU
		{054342A5-78CE-49A9-94C5-CDB62D213D31}.Release|Any CPU.Build.0 = Release|Any CPU
		{5BB45FD3-4566-4437-ADC0-D5FA44335322}.Debug|Any CPU.ActiveCfg = Debug|Any CPU
		{5BB45FD3-4566-4437-ADC0-D5FA44335322}.Debug|Any CPU.Build.0 = Debug|Any CPU
		{5BB45FD3-4566-4437-ADC0-D5FA44335322}.Release|Any CPU.ActiveCfg = Release|Any CPU
		{5BB45FD3-4566-4437-ADC0-D5FA44335322}.Release|Any CPU.Build.0 = Release|Any CPU
	EndGlobalSection
	GlobalSection(SolutionProperties) = preSolution
		HideSolutionNode = FALSE
	EndGlobalSection
	GlobalSection(ExtensibilityGlobals) = postSolution
		SolutionGuid = {C648EEF0-63D5-408D-88A9-FE20D7934557}
	EndGlobalSection
EndGlobal
